
Microsoft Visual Studio Solution File, Format Version 12.00
# Visual Studio Version 16
VisualStudioVersion = 16.0.30611.23
MinimumVisualStudioVersion = 10.0.40219.1
Project("{FAE04EC0-301F-11D3-BF4B-00C04F79EFBC}") = "Estudio", "Estudio\Estudio.csproj", "{4419D117-33CF-41A3-B74E-65DAC23E7263}"
EndProject
Global
	GlobalSection(SolutionConfigurationPlatforms) = preSolution
		Debug|Any CPU = Debug|Any CPU
		Release|Any CPU = Release|Any CPU
	EndGlobalSection
	GlobalSection(ProjectConfigurationPlatforms) = postSolution
		{4419D117-33CF-41A3-B74E-65DAC23E7263}.Debug|Any CPU.ActiveCfg = Debug|Any CPU
		{4419D117-33CF-41A3-B74E-65DAC23E7263}.Debug|Any CPU.Build.0 = Debug|Any CPU
		{4419D117-33CF-41A3-B74E-65DAC23E7263}.Release|Any CPU.ActiveCfg = Release|Any CPU
		{4419D117-33CF-41A3-B74E-65DAC23E7263}.Release|Any CPU.Build.0 = Release|Any CPU
	EndGlobalSection
	GlobalSection(SolutionProperties) = preSolution
		HideSolutionNode = FALSE
	EndGlobalSection
	GlobalSection(ExtensibilityGlobals) = postSolution
		SolutionGuid = {362375E1-D093-4797-B569-8B5A85878771}
	EndGlobalSection
EndGlobal
